
Microsoft Visual Studio Solution File, Format Version 12.00
# Visual Studio Version 17
VisualStudioVersion = 17.14.36301.6
MinimumVisualStudioVersion = 10.0.40219.1
Project("{FAE04EC0-301F-11D3-BF4B-00C04F79EFBC}") = "LAB1", "LAB1\LAB1.csproj", "{EFC7F9B9-5931-40AB-9AC8-CA9735DEF6F8}"
EndProject
Project("{FAE04EC0-301F-11D3-BF4B-00C04F79EFBC}") = "LAB2", "LAB2\LAB2.csproj", "{59309C1E-1DD0-4AF5-B6C9-3E585FAC2EB5}"
EndProject
Project("{FAE04EC0-301F-11D3-BF4B-00C04F79EFBC}") = "LAB3", "LAB3\LAB3.csproj", "{1C9BD3AF-9A01-4B47-A07F-23C2D9F5DC29}"
EndProject
Global
	GlobalSection(SolutionConfigurationPlatforms) = preSolution
		Debug|Any CPU = Debug|Any CPU
		Release|Any CPU = Release|Any CPU
	EndGlobalSection
	GlobalSection(ProjectConfigurationPlatforms) = postSolution
		{EFC7F9B9-5931-40AB-9AC8-CA9735DEF6F8}.Debug|Any CPU.ActiveCfg = Debug|Any CPU
		{EFC7F9B9-5931-40AB-9AC8-CA9735DEF6F8}.Debug|Any CPU.Build.0 = Debug|Any CPU
		{EFC7F9B9-5931-40AB-9AC8-CA9735DEF6F8}.Release|Any CPU.ActiveCfg = Release|Any CPU
		{EFC7F9B9-5931-40AB-9AC8-CA9735DEF6F8}.Release|Any CPU.Build.0 = Release|Any CPU
		{59309C1E-1DD0-4AF5-B6C9-3E585FAC2EB5}.Debug|Any CPU.ActiveCfg = Debug|Any CPU
		{59309C1E-1DD0-4AF5-B6C9-3E585FAC2EB5}.Debug|Any CPU.Build.0 = Debug|Any CPU
		{59309C1E-1DD0-4AF5-B6C9-3E585FAC2EB5}.Release|Any CPU.ActiveCfg = Release|Any CPU
		{59309C1E-1DD0-4AF5-B6C9-3E585FAC2EB5}.Release|Any CPU.Build.0 = Release|Any CPU
		{1C9BD3AF-9A01-4B47-A07F-23C2D9F5DC29}.Debug|Any CPU.ActiveCfg = Debug|Any CPU
		{1C9BD3AF-9A01-4B47-A07F-23C2D9F5DC29}.Debug|Any CPU.Build.0 = Debug|Any CPU
		{1C9BD3AF-9A01-4B47-A07F-23C2D9F5DC29}.Release|Any CPU.ActiveCfg = Release|Any CPU
		{1C9BD3AF-9A01-4B47-A07F-23C2D9F5DC29}.Release|Any CPU.Build.0 = Release|Any CPU
	EndGlobalSection
	GlobalSection(SolutionProperties) = preSolution
		HideSolutionNode = FALSE
	EndGlobalSection
	GlobalSection(ExtensibilityGlobals) = postSolution
		SolutionGuid = {9A3B5124-6A75-4797-B047-9B885F4D2589}
	EndGlobalSection
EndGlobal
